
Microsoft Visual Studio Solution File, Format Version 12.00
# Visual Studio Version 16
VisualStudioVersion = 16.0.31205.134
MinimumVisualStudioVersion = 10.0.40219.1
Project("{9A19103F-16F7-4668-BE54-9A1E7A4F7556}") = "Phenov_test_program", "Phenov_test_program.csproj", "{A7130821-7E00-44C4-966E-AF72366C8D0C}"
EndProject
Project("{2150E333-8FDC-42A3-9474-1A3956D46DE8}") = "Solution Items", "Solution Items", "{D139D5F8-72F2-41E7-80A6-AFC824FC0499}"
	ProjectSection(SolutionItems) = preProject
		.editorconfig = .editorconfig
	EndProjectSection
EndProject
Global
	GlobalSection(SolutionConfigurationPlatforms) = preSolution
		Debug|Any CPU = Debug|Any CPU
		Release|Any CPU = Release|Any CPU
	EndGlobalSection
	GlobalSection(ProjectConfigurationPlatforms) = postSolution
		{A7130821-7E00-44C4-966E-AF72366C8D0C}.Debug|Any CPU.ActiveCfg = Debug|Any CPU
		{A7130821-7E00-44C4-966E-AF72366C8D0C}.Debug|Any CPU.Build.0 = Debug|Any CPU
		{A7130821-7E00-44C4-966E-AF72366C8D0C}.Release|Any CPU.ActiveCfg = Release|Any CPU
		{A7130821-7E00-44C4-966E-AF72366C8D0C}.Release|Any CPU.Build.0 = Release|Any CPU
	EndGlobalSection
	GlobalSection(SolutionProperties) = preSolution
		HideSolutionNode = FALSE
	EndGlobalSection
	GlobalSection(ExtensibilityGlobals) = postSolution
		SolutionGuid = {0EFE88F3-A16A-479D-A125-F103BADD2814}
	EndGlobalSection
EndGlobal
